
Microsoft Visual Studio Solution File, Format Version 12.00
# Visual Studio Version 16
VisualStudioVersion = 16.0.30611.23
MinimumVisualStudioVersion = 10.0.40219.1
Project("{FAE04EC0-301F-11D3-BF4B-00C04F79EFBC}") = "dotNet5781_00_7232_5482", "dotNet5781_00_7232_5482\dotNet5781_00_7232_5482.csproj", "{FEDBFC86-CDB3-4BAC-999E-6A6B4851C8B3}"
EndProject
Project("{FAE04EC0-301F-11D3-BF4B-00C04F79EFBC}") = "dotNet5781_01_7232_5482", "dotNet5781_01_7232_5482\dotNet5781_01_7232_5482.csproj", "{2471EC36-5D45-4031-A391-C845F40FCE8D}"
EndProject
Project("{FAE04EC0-301F-11D3-BF4B-00C04F79EFBC}") = "dotNet5781_02_7232_5482", "dotNet5781_02_7232_5482\dotNet5781_02_7232_5482.csproj", "{D081A686-4590-4209-A3AB-3C423947E0E8}"
EndProject
Project("{FAE04EC0-301F-11D3-BF4B-00C04F79EFBC}") = "dotNet5781_03A_7232_5482", "dotNet5781_3a_7232_5482\dotNet5781_03A_7232_5482.csproj", "{2B1EB7AD-D092-49D8-8DA8-2B688B3224A9}"
EndProject
Project("{FAE04EC0-301F-11D3-BF4B-00C04F79EFBC}") = "dotNet5781_03B_7232_5482", "dotNet5781_03B_7232_5482\dotNet5781_03B_7232_5482.csproj", "{D47073F2-244A-4422-9E7F-C527F8BB3242}"
EndProject
Project("{FAE04EC0-301F-11D3-BF4B-00C04F79EFBC}") = "PL", "PL\PL.csproj", "{68B4CF84-A981-4D89-B697-BB710ECFC89F}"
EndProject
Project("{FAE04EC0-301F-11D3-BF4B-00C04F79EFBC}") = "BL", "BL\BL.csproj", "{6D3DE837-72FE-4904-B60A-0BECFC12527F}"
EndProject
Project("{FAE04EC0-301F-11D3-BF4B-00C04F79EFBC}") = "DALObject", "DALObject\DALObject.csproj", "{26970FF4-259C-44D4-8EF0-FD0EFB985D09}"
EndProject
Project("{FAE04EC0-301F-11D3-BF4B-00C04F79EFBC}") = "DLAPI", "DLAPI\DLAPI.csproj", "{045D7483-2740-482A-B1BD-49D4B02E0C14}"
EndProject
Project("{FAE04EC0-301F-11D3-BF4B-00C04F79EFBC}") = "DS", "DS\DS.csproj", "{F92410C3-17A1-4B99-AF51-01403763BC55}"
EndProject
Project("{FAE04EC0-301F-11D3-BF4B-00C04F79EFBC}") = "PL.WPF", "PL.WPF\PL.WPF.csproj", "{4B455544-FBA0-4EB3-99D1-F36BBB32FFF7}"
EndProject
Global
	GlobalSection(SolutionConfigurationPlatforms) = preSolution
		Debug|Any CPU = Debug|Any CPU
		Release|Any CPU = Release|Any CPU
	EndGlobalSection
	GlobalSection(ProjectConfigurationPlatforms) = postSolution
		{FEDBFC86-CDB3-4BAC-999E-6A6B4851C8B3}.Debug|Any CPU.ActiveCfg = Debug|Any CPU
		{FEDBFC86-CDB3-4BAC-999E-6A6B4851C8B3}.Debug|Any CPU.Build.0 = Debug|Any CPU
		{FEDBFC86-CDB3-4BAC-999E-6A6B4851C8B3}.Release|Any CPU.ActiveCfg = Release|Any CPU
		{FEDBFC86-CDB3-4BAC-999E-6A6B4851C8B3}.Release|Any CPU.Build.0 = Release|Any CPU
		{2471EC36-5D45-4031-A391-C845F40FCE8D}.Debug|Any CPU.ActiveCfg = Debug|Any CPU
		{2471EC36-5D45-4031-A391-C845F40FCE8D}.Debug|Any CPU.Build.0 = Debug|Any CPU
		{2471EC36-5D45-4031-A391-C845F40FCE8D}.Release|Any CPU.ActiveCfg = Release|Any CPU
		{2471EC36-5D45-4031-A391-C845F40FCE8D}.Release|Any CPU.Build.0 = Release|Any CPU
		{D081A686-4590-4209-A3AB-3C423947E0E8}.Debug|Any CPU.ActiveCfg = Debug|Any CPU
		{D081A686-4590-4209-A3AB-3C423947E0E8}.Debug|Any CPU.Build.0 = Debug|Any CPU
		{D081A686-4590-4209-A3AB-3C423947E0E8}.Release|Any CPU.ActiveCfg = Release|Any CPU
		{D081A686-4590-4209-A3AB-3C423947E0E8}.Release|Any CPU.Build.0 = Release|Any CPU
		{2B1EB7AD-D092-49D8-8DA8-2B688B3224A9}.Debug|Any CPU.ActiveCfg = Debug|Any CPU
		{2B1EB7AD-D092-49D8-8DA8-2B688B3224A9}.Debug|Any CPU.Build.0 = Debug|Any CPU
		{2B1EB7AD-D092-49D8-8DA8-2B688B3224A9}.Release|Any CPU.ActiveCfg = Release|Any CPU
		{2B1EB7AD-D092-49D8-8DA8-2B688B3224A9}.Release|Any CPU.Build.0 = Release|Any CPU
		{D47073F2-244A-4422-9E7F-C527F8BB3242}.Debug|Any CPU.ActiveCfg = Debug|Any CPU
		{D47073F2-244A-4422-9E7F-C527F8BB3242}.Debug|Any CPU.Build.0 = Debug|Any CPU
		{D47073F2-244A-4422-9E7F-C527F8BB3242}.Release|Any CPU.ActiveCfg = Release|Any CPU
		{D47073F2-244A-4422-9E7F-C527F8BB3242}.Release|Any CPU.Build.0 = Release|Any CPU
		{68B4CF84-A981-4D89-B697-BB710ECFC89F}.Debug|Any CPU.ActiveCfg = Debug|Any CPU
		{68B4CF84-A981-4D89-B697-BB710ECFC89F}.Debug|Any CPU.Build.0 = Debug|Any CPU
		{68B4CF84-A981-4D89-B697-BB710ECFC89F}.Release|Any CPU.ActiveCfg = Release|Any CPU
		{68B4CF84-A981-4D89-B697-BB710ECFC89F}.Release|Any CPU.Build.0 = Release|Any CPU
		{6D3DE837-72FE-4904-B60A-0BECFC12527F}.Debug|Any CPU.ActiveCfg = Debug|Any CPU
		{6D3DE837-72FE-4904-B60A-0BECFC12527F}.Debug|Any CPU.Build.0 = Debug|Any CPU
		{6D3DE837-72FE-4904-B60A-0BECFC12527F}.Release|Any CPU.ActiveCfg = Release|Any CPU
		{6D3DE837-72FE-4904-B60A-0BECFC12527F}.Release|Any CPU.Build.0 = Release|Any CPU
		{26970FF4-259C-44D4-8EF0-FD0EFB985D09}.Debug|Any CPU.ActiveCfg = Debug|Any CPU
		{26970FF4-259C-44D4-8EF0-FD0EFB985D09}.Debug|Any CPU.Build.0 = Debug|Any CPU
		{26970FF4-259C-44D4-8EF0-FD0EFB985D09}.Release|Any CPU.ActiveCfg = Release|Any CPU
		{26970FF4-259C-44D4-8EF0-FD0EFB985D09}.Release|Any CPU.Build.0 = Release|Any CPU
		{045D7483-2740-482A-B1BD-49D4B02E0C14}.Debug|Any CPU.ActiveCfg = Debug|Any CPU
		{045D7483-2740-482A-B1BD-49D4B02E0C14}.Debug|Any CPU.Build.0 = Debug|Any CPU
		{045D7483-2740-482A-B1BD-49D4B02E0C14}.Release|Any CPU.ActiveCfg = Release|Any CPU
		{045D7483-2740-482A-B1BD-49D4B02E0C14}.Release|Any CPU.Build.0 = Release|Any CPU
		{F92410C3-17A1-4B99-AF51-01403763BC55}.Debug|Any CPU.ActiveCfg = Debug|Any CPU
		{F92410C3-17A1-4B99-AF51-01403763BC55}.Debug|Any CPU.Build.0 = Debug|Any CPU
		{F92410C3-17A1-4B99-AF51-01403763BC55}.Release|Any CPU.ActiveCfg = Release|Any CPU
		{F92410C3-17A1-4B99-AF51-01403763BC55}.Release|Any CPU.Build.0 = Release|Any CPU
		{4B455544-FBA0-4EB3-99D1-F36BBB32FFF7}.Debug|Any CPU.ActiveCfg = Debug|Any CPU
		{4B455544-FBA0-4EB3-99D1-F36BBB32FFF7}.Debug|Any CPU.Build.0 = Debug|Any CPU
		{4B455544-FBA0-4EB3-99D1-F36BBB32FFF7}.Release|Any CPU.ActiveCfg = Release|Any CPU
		{4B455544-FBA0-4EB3-99D1-F36BBB32FFF7}.Release|Any CPU.Build.0 = Release|Any CPU
	EndGlobalSection
	GlobalSection(SolutionProperties) = preSolution
		HideSolutionNode = FALSE
	EndGlobalSection
	GlobalSection(ExtensibilityGlobals) = postSolution
		SolutionGuid = {8CEC570E-2935-41DC-BBF8-3D4271564281}
	EndGlobalSection
EndGlobal
